{
  "name": "@dawaltconley/secret",
  "version": "0.1.0",
  "lockfileVersion": 1,
  "requires": true,
  "dependencies": {
    "@dawaltconley/cue": {
      "version": "0.1.1",
      "resolved": "https://registry.npmjs.org/@dawaltconley/cue/-/cue-0.1.1.tgz",
      "integrity": "sha512-6mlHEC/T/wzIl7J6dQ0Fdmuldrg6yebjWH9JhH0GR87j8k4i5KbFtpOieAFbNA7vJs6U0SknKpP3DJH2wfWIKA=="
    }
  }
}
